Microsoft Visual Studio Solution File, Format Version 12.00
# Visual Studio 2012
Project("{FAE04EC0-301F-11D3-BF4B-00C04F79EFBC}") = "BasicInventorySystem", "BasicInventorySystem.csproj", "{2A55BA77-6A6C-4889-924A-6CB447C23D7C}"
EndProject
Global
	GlobalSection(SolutionConfigurationPlatforms) = preSolution
	Debug|Any CPU = Debug|Any CPU
	ExportDebug|Any CPU = ExportDebug|Any CPU
	ExportRelease|Any CPU = ExportRelease|Any CPU
	EndGlobalSection
	GlobalSection(ProjectConfigurationPlatforms) = postSolution
		{2A55BA77-6A6C-4889-924A-6CB447C23D7C}.Debug|Any CPU.ActiveCfg = Debug|Any CPU
		{2A55BA77-6A6C-4889-924A-6CB447C23D7C}.Debug|Any CPU.Build.0 = Debug|Any CPU
		{2A55BA77-6A6C-4889-924A-6CB447C23D7C}.ExportDebug|Any CPU.ActiveCfg = ExportDebug|Any CPU
		{2A55BA77-6A6C-4889-924A-6CB447C23D7C}.ExportDebug|Any CPU.Build.0 = ExportDebug|Any CPU
		{2A55BA77-6A6C-4889-924A-6CB447C23D7C}.ExportRelease|Any CPU.ActiveCfg = ExportRelease|Any CPU
		{2A55BA77-6A6C-4889-924A-6CB447C23D7C}.ExportRelease|Any CPU.Build.0 = ExportRelease|Any CPU
	EndGlobalSection
EndGlobal
